// !$*UTF8*$!
{
	archiveVersion = 1;
	classes = {
	};
	objectVersion = 51;
	objects = {

/* Begin PBXBuildFile section */
		612E2FC524FB64F03CBE0FD8 /* Pods_jikanwari.framework in Frameworks */ = {isa = PBXBuildFile; fileRef = 5B5F309ACC9791408926CD3A /* Pods_jikanwari.framework */; };
		A84F906F241A1AA80072F438 /* AppDelegate.swift in Sources */ = {isa = PBXBuildFile; fileRef = A84F906E241A1AA80072F438 /* AppDelegate.swift */; };
		A84F9071241A1AA80072F438 /* ViewController.swift in Sources */ = {isa = PBXBuildFile; fileRef = A84F9070241A1AA80072F438 /* ViewController.swift */; };
		A84F9074241A1AA80072F438 /* Main.storyboard in Resources */ = {isa = PBXBuildFile; fileRef = A84F9072241A1AA80072F438 /* Main.storyboard */; };
		A84F9076241A1AAF0072F438 /* Assets.xcassets in Resources */ = {isa = PBXBuildFile; fileRef = A84F9075241A1AAF0072F438 /* Assets.xcassets */; };
		A84F9079241A1AAF0072F438 /* LaunchScreen.storyboard in Resources */ = {isa = PBXBuildFile; fileRef = A84F9077241A1AAF0072F438 /* LaunchScreen.storyboard */; };
		A859D790241F419600FF789D /* DetailsTableViewController.swift in Sources */ = {isa = PBXBuildFile; fileRef = A859D78F241F419600FF789D /* DetailsTableViewController.swift */; };
		A859D792241F57E000FF789D /* classModel.swift in Sources */ = {isa = PBXBuildFile; fileRef = A859D791241F57E000FF789D /* classModel.swift */; };
/* End PBXBuildFile section */

/* Begin PBXFileReference section */
		5B5F309ACC9791408926CD3A /* Pods_jikanwari.framework */ = {isa = PBXFileReference; explicitFileType = wrapper.framework; includeInIndex = 0; path = Pods_jikanwari.framework; sourceTree = BUILT_PRODUCTS_DIR; };
		6AB8FB33203055D257996F43 /* Pods-jikanwari.debug.xcconfig */ = {isa = PBXFileReference; includeInIndex = 1; lastKnownFileType = text.xcconfig; name = "Pods-jikanwari.debug.xcconfig"; path = "Target Support Files/Pods-jikanwari/Pods-jikanwari.debug.xcconfig"; sourceTree = "<group>"; };
		A84F906B241A1AA80072F438 /* jikanwari.app */ = {isa = PBXFileReference; explicitFileType = wrapper.application; includeInIndex = 0; path = jikanwari.app; sourceTree = BUILT_PRODUCTS_DIR; };
		A84F906E241A1AA80072F438 /* AppDelegate.swift */ = {isa = PBXFileReference; lastKnownFileType = sourcecode.swift; path = AppDelegate.swift; sourceTree = "<group>"; };
		A84F9070241A1AA80072F438 /* ViewController.swift */ = {isa = PBXFileReference; lastKnownFileType = sourcecode.swift; path = ViewController.swift; sourceTree = "<group>"; };
		A84F9073241A1AA80072F438 /* Base */ = {isa = PBXFileReference; lastKnownFileType = file.storyboard; name = Base; path = Base.lproj/Main.storyboard; sourceTree = "<group>"; };
		A84F9075241A1AAF0072F438 /* Assets.xcassets */ = {isa = PBXFileReference; lastKnownFileType = folder.assetcatalog; path = Assets.xcassets; sourceTree = "<group>"; };
		A84F9078241A1AAF0072F438 /* Base */ = {isa = PBXFileReference; lastKnownFileType = file.storyboard; name = Base; path = Base.lproj/LaunchScreen.storyboard; sourceTree = "<group>"; };
		A84F907A241A1AAF0072F438 /* Info.plist */ = {isa = PBXFileReference; lastKnownFileType = text.plist.xml; path = Info.plist; sourceTree = "<group>"; };
		A859D78F241F419600FF789D /* DetailsTableViewController.swift */ = {isa = PBXFileReference; lastKnownFileType = sourcecode.swift; path = DetailsTableViewController.swift; sourceTree = "<group>"; };
		A859D791241F57E000FF789D /* classModel.swift */ = {isa = PBXFileReference; lastKnownFileType = sourcecode.swift; path = classModel.swift; sourceTree = "<group>"; };
		D63A7813D40C03D44E9CBAFD /* Pods-jikanwari.release.xcconfig */ = {isa = PBXFileReference; includeInIndex = 1; lastKnownFileType = text.xcconfig; name = "Pods-jikanwari.release.xcconfig"; path = "Target Support Files/Pods-jikanwari/Pods-jikanwari.release.xcconfig"; sourceTree = "<group>"; };
/* End PBXFileReference section */

/* Begin PBXFrameworksBuildPhase section */
		A84F9068241A1AA80072F438 /* Frameworks */ = {
			isa = PBXFrameworksBuildPhase;
			buildActionMask = 2147483647;
			files = (
				612E2FC524FB64F03CBE0FD8 /* Pods_jikanwari.framework in Frameworks */,
			);
			runOnlyForDeploymentPostprocessing = 0;
		};
/* End PBXFrameworksBuildPhase section */

/* Begin PBXGroup section */
		A84F9062241A1AA80072F438 = {
			isa = PBXGroup;
			children = (
				A84F906D241A1AA80072F438 /* jikanwari */,
				A84F906C241A1AA80072F438 /* Products */,
				C44B79C14BF1BBB6F3B1E795 /* Pods */,
				D18324EC15BC55BCA705A0A3 /* Frameworks */,
			);
			sourceTree = "<group>";
		};
		A84F906C241A1AA80072F438 /* Products */ = {
			isa = PBXGroup;
			children = (
				A84F906B241A1AA80072F438 /* jikanwari.app */,
			);
			name = Products;
			sourceTree = "<group>";
		};
		A84F906D241A1AA80072F438 /* jikanwari */ = {
			isa = PBXGroup;
			children = (
				A84F906E241A1AA80072F438 /* AppDelegate.swift */,
				A84F9070241A1AA80072F438 /* ViewController.swift */,
				A859D78F241F419600FF789D /* DetailsTableViewController.swift */,
				A859D791241F57E000FF789D /* classModel.swift */,
				A84F9072241A1AA80072F438 /* Main.storyboard */,
				A84F9075241A1AAF0072F438 /* Assets.xcassets */,
				A84F9077241A1AAF0072F438 /* LaunchScreen.storyboard */,
				A84F907A241A1AAF0072F438 /* Info.plist */,
			);
			path = jikanwari;
			sourceTree = "<group>";
		};
		C44B79C14BF1BBB6F3B1E795 /* Pods */ = {
			isa = PBXGroup;
			children = (
				6AB8FB33203055D257996F43 /* Pods-jikanwari.debug.xcconfig */,
				D63A7813D40C03D44E9CBAFD /* Pods-jikanwari.release.xcconfig */,
			);
			path = Pods;
			sourceTree = "<group>";
		};
		D18324EC15BC55BCA705A0A3 /* Frameworks */ = {
			isa = PBXGroup;
			children = (
				5B5F309ACC9791408926CD3A /* Pods_jikanwari.framework */,
			);
			name = Frameworks;
			sourceTree = "<group>";
		};
/* End PBXGroup section */

/* Begin PBXNativeTarget section */
		A84F906A241A1AA80072F438 /* jikanwari */ = {
			isa = PBXNativeTarget;
			buildConfigurationList = A84F907D241A1AAF0072F438 /* Build configuration list for PBXNativeTarget "jikanwari" */;
			buildPhases = (
				CDC0CF00ABA028CB5D062D2B /* [CP] Check Pods Manifest.lock */,
				A84F9067241A1AA80072F438 /* Sources */,
				A84F9068241A1AA80072F438 /* Frameworks */,
				A84F9069241A1AA80072F438 /* Resources */,
				3C65301D99C5DD0985961C14 /* [CP] Embed Pods Frameworks */,
			);
			buildRules = (
			);
			dependencies = (
			);
			name = jikanwari;
			productName = jikanwari;
			productReference = A84F906B241A1AA80072F438 /* jikanwari.app */;
			productType = "com.apple.product-type.application";
		};
/* End PBXNativeTarget section */

/* Begin PBXProject section */
		A84F9063241A1AA80072F438 /* Project object */ = {
			isa = PBXProject;
			attributes = {
				LastSwiftUpdateCheck = 1020;
				LastUpgradeCheck = 1020;
				ORGANIZATIONNAME = "塩澤響";
				TargetAttributes = {
					A84F906A241A1AA80072F438 = {
						CreatedOnToolsVersion = 10.2;
					};
				};
			};
			buildConfigurationList = A84F9066241A1AA80072F438 /* Build configuration list for PBXProject "jikanwari" */;
			compatibilityVersion = "Xcode 9.3";
			developmentRegion = en;
			hasScannedForEncodings = 0;
			knownRegions = (
				en,
				Base,
			);
			mainGroup = A84F9062241A1AA80072F438;
			productRefGroup = A84F906C241A1AA80072F438 /* Products */;
			projectDirPath = "";
			projectRoot = "";
			targets = (
				A84F906A241A1AA80072F438 /* jikanwari */,
			);
		};
/* End PBXProject section */

/* Begin PBXResourcesBuildPhase section */
		A84F9069241A1AA80072F438 /* Resources */ = {
			isa = PBXResourcesBuildPhase;
			buildActionMask = 2147483647;
			files = (
				A84F9079241A1AAF0072F438 /* LaunchScreen.storyboard in Resources */,
				A84F9076241A1AAF0072F438 /* Assets.xcassets in Resources */,
				A84F9074241A1AA80072F438 /* Main.storyboard in Resources */,
			);
			runOnlyForDeploymentPostprocessing = 0;
		};
/* End PBXResourcesBuildPhase section */

/* Begin PBXShellScriptBuildPhase section */
		3C65301D99C5DD0985961C14 /* [CP] Embed Pods Frameworks */ = {
			isa = PBXShellScriptBuildPhase;
			buildActionMask = 2147483647;
			files = (
			);
			inputFileListPaths = (
				"${PODS_ROOT}/Target Support Files/Pods-jikanwari/Pods-jikanwari-frameworks-${CONFIGURATION}-input-files.xcfilelist",
			);
			name = "[CP] Embed Pods Frameworks";
			outputFileListPaths = (
				"${PODS_ROOT}/Target Support Files/Pods-jikanwari/Pods-jikanwari-frameworks-${CONFIGURATION}-output-files.xcfilelist",
			);
			runOnlyForDeploymentPostprocessing = 0;
			shellPath = /bin/sh;
			shellScript = "\"${PODS_ROOT}/Target Support Files/Pods-jikanwari/Pods-jikanwari-frameworks.sh\"\n";
			showEnvVarsInLog = 0;
		};
		CDC0CF00ABA028CB5D062D2B /* [CP] Check Pods Manifest.lock */ = {
			isa = PBXShellScriptBuildPhase;
			buildActionMask = 2147483647;
			files = (
			);
			inputFileListPaths = (
			);
			inputPaths = (
				"${PODS_PODFILE_DIR_PATH}/Podfile.lock",
				"${PODS_ROOT}/Manifest.lock",
			);
			name = "[CP] Check Pods Manifest.lock";
			outputFileListPaths = (
			);
			outputPaths = (
				"$(DERIVED_FILE_DIR)/Pods-jikanwari-checkManifestLockResult.txt",
			);
			runOnlyForDeploymentPostprocessing = 0;
			shellPath = /bin/sh;
			shellScript = "diff \"${PODS_PODFILE_DIR_PATH}/Podfile.lock\" \"${PODS_ROOT}/Manifest.lock\" > /dev/null\nif [ $? != 0 ] ; then\n    # print error to STDERR\n    echo \"error: The sandbox is not in sync with the Podfile.lock. Run 'pod install' or update your CocoaPods installation.\" >&2\n    exit 1\nfi\n# This output is used by Xcode 'outputs' to avoid re-running this script phase.\necho \"SUCCESS\" > \"${SCRIPT_OUTPUT_FILE_0}\"\n";
			showEnvVarsInLog = 0;
		};
/* End PBXShellScriptBuildPhase section */

/* Begin PBXSourcesBuildPhase section */
		A84F9067241A1AA80072F438 /* Sources */ = {
			isa = PBXSourcesBuildPhase;
			buildActionMask = 2147483647;
			files = (
				A84F9071241A1AA80072F438 /* ViewController.swift in Sources */,
				A859D790241F419600FF789D /* DetailsTableViewController.swift in Sources */,
				A859D792241F57E000FF789D /* classModel.swift in Sources */,
				A84F906F241A1AA80072F438 /* AppDelegate.swift in Sources */,
			);
			runOnlyForDeploymentPostprocessing = 0;
		};
/* End PBXSourcesBuildPhase section */

/* Begin PBXVariantGroup section */
		A84F9072241A1AA80072F438 /* Main.storyboard */ = {
			isa = PBXVariantGroup;
			children = (
				A84F9073241A1AA80072F438 /* Base */,
			);
			name = Main.storyboard;
			sourceTree = "<group>";
		};
		A84F9077241A1AAF0072F438 /* LaunchScreen.storyboard */ = {
			isa = PBXVariantGroup;
			children = (
				A84F9078241A1AAF0072F438 /* Base */,
			);
			name = LaunchScreen.storyboard;
			sourceTree = "<group>";
		};
/* End PBXVariantGroup section */

/* Begin XCBuildConfiguration section */
		A84F907B241A1AAF0072F438 /* Debug */ = {
			isa = XCBuildConfiguration;
			buildSettings = {
				ALWAYS_SEARCH_USER_PATHS = NO;
				CLANG_ANALYZER_NONNULL = YES;
				CLANG_ANALYZER_NUMBER_OBJECT_CONVERSION = YES_AGGRESSIVE;
				CLANG_CXX_LANGUAGE_STANDARD = "gnu++14";
				CLANG_CXX_LIBRARY = "libc++";
				CLANG_ENABLE_MODULES = YES;
				CLANG_ENABLE_OBJC_ARC = YES;
				CLANG_ENABLE_OBJC_WEAK = YES;
				CLANG_WARN_BLOCK_CAPTURE_AUTORELEASING = YES;
				CLANG_WARN_BOOL_CONVERSION = YES;
				CLANG_WARN_COMMA = YES;
				CLANG_WARN_CONSTANT_CONVERSION = YES;
				CLANG_WARN_DEPRECATED_OBJC_IMPLEMENTATIONS = YES;
				CLANG_WARN_DIRECT_OBJC_ISA_USAGE = YES_ERROR;
				CLANG_WARN_DOCUMENTATION_COMMENTS = YES;
				CLANG_WARN_EMPTY_BODY = YES;
				CLANG_WARN_ENUM_CONVERSION = YES;
				CLANG_WARN_INFINITE_RECURSION = YES;
				CLANG_WARN_INT_CONVERSION = YES;
				CLANG_WARN_NON_LITERAL_NULL_CONVERSION = YES;
				CLANG_WARN_OBJC_IMPLICIT_RETAIN_SELF = YES;
				CLANG_WARN_OBJC_LITERAL_CONVERSION = YES;
				CLANG_WARN_OBJC_ROOT_CLASS = YES_ERROR;
				CLANG_WARN_RANGE_LOOP_ANALYSIS = YES;
				CLANG_WARN_STRICT_PROTOTYPES = YES;
				CLANG_WARN_SUSPICIOUS_MOVE = YES;
				CLANG_WARN_UNGUARDED_AVAILABILITY = YES_AGGRESSIVE;
				CLANG_WARN_UNREACHABLE_CODE = YES;
				CLANG_WARN__DUPLICATE_METHOD_MATCH = YES;
				CODE_SIGN_IDENTITY = "iPhone Developer";
				COPY_PHASE_STRIP = NO;
				DEBUG_INFORMATION_FORMAT = dwarf;
				ENABLE_STRICT_OBJC_MSGSEND = YES;
				ENABLE_TESTABILITY = YES;
				GCC_C_LANGUAGE_STANDARD = gnu11;
				GCC_DYNAMIC_NO_PIC = NO;
				GCC_NO_COMMON_BLOCKS = YES;
				GCC_OPTIMIZATION_LEVEL = 0;
				GCC_PREPROCESSOR_DEFINITIONS = (
					"DEBUG=1",
					"$(inherited)",
				);
				GCC_WARN_64_TO_32_BIT_CONVERSION = YES;
				GCC_WARN_ABOUT_RETURN_TYPE = YES_ERROR;
				GCC_WARN_UNDECLARED_SELECTOR = YES;
				GCC_WARN_UNINITIALIZED_AUTOS = YES_AGGRESSIVE;
				GCC_WARN_UNUSED_FUNCTION = YES;
				GCC_WARN_UNUSED_VARIABLE = YES;
				IPHONEOS_DEPLOYMENT_TARGET = 12.2;
				MTL_ENABLE_DEBUG_INFO = INCLUDE_SOURCE;
				MTL_FAST_MATH = YES;
				ONLY_ACTIVE_ARCH = YES;
				SDKROOT = iphoneos;
				SWIFT_ACTIVE_COMPILATION_CONDITIONS = DEBUG;
				SWIFT_OPTIMIZATION_LEVEL = "-Onone";
			};
			name = Debug;
		};
		A84F907C241A1AAF0072F438 /* Release */ = {
			isa = XCBuildConfiguration;
			buildSettings = {
				ALWAYS_SEARCH_USER_PATHS = NO;
				CLANG_ANALYZER_NONNULL = YES;
				CLANG_ANALYZER_NUMBER_OBJECT_CONVERSION = YES_AGGRESSIVE;
				CLANG_CXX_LANGUAGE_STANDARD = "gnu++14";
				CLANG_CXX_LIBRARY = "libc++";
				CLANG_ENABLE_MODULES = YES;
				CLANG_ENABLE_OBJC_ARC = YES;
				CLANG_ENABLE_OBJC_WEAK = YES;
				CLANG_WARN_BLOCK_CAPTURE_AUTORELEASING = YES;
				CLANG_WARN_BOOL_CONVERSION = YES;
				CLANG_WARN_COMMA = YES;
				CLANG_WARN_CONSTANT_CONVERSION = YES;
				CLANG_WARN_DEPRECATED_OBJC_IMPLEMENTATIONS = YES;
				CLANG_WARN_DIRECT_OBJC_ISA_USAGE = YES_ERROR;
				CLANG_WARN_DOCUMENTATION_COMMENTS = YES;
				CLANG_WARN_EMPTY_BODY = YES;
				CLANG_WARN_ENUM_CONVERSION = YES;
				CLANG_WARN_INFINITE_RECURSION = YES;
				CLANG_WARN_INT_CONVERSION = YES;
				CLANG_WARN_NON_LITERAL_NULL_CONVERSION = YES;
				CLANG_WARN_OBJC_IMPLICIT_RETAIN_SELF = YES;
				CLANG_WARN_OBJC_LITERAL_CONVERSION = YES;
				CLANG_WARN_OBJC_ROOT_CLASS = YES_ERROR;
				CLANG_WARN_RANGE_LOOP_ANALYSIS = YES;
				CLANG_WARN_STRICT_PROTOTYPES = YES;
				CLANG_WARN_SUSPICIOUS_MOVE = YES;
				CLANG_WARN_UNGUARDED_AVAILABILITY = YES_AGGRESSIVE;
				CLANG_WARN_UNREACHABLE_CODE = YES;
				CLANG_WARN__DUPLICATE_METHOD_MATCH = YES;
				CODE_SIGN_IDENTITY = "iPhone Developer";
				COPY_PHASE_STRIP = NO;
				DEBUG_INFORMATION_FORMAT = "dwarf-with-dsym";
				ENABLE_NS_ASSERTIONS = NO;
				ENABLE_STRICT_OBJC_MSGSEND = YES;
				GCC_C_LANGUAGE_STANDARD = gnu11;
				GCC_NO_COMMON_BLOCKS = YES;
				GCC_WARN_64_TO_32_BIT_CONVERSION = YES;
				GCC_WARN_ABOUT_RETURN_TYPE = YES_ERROR;
				GCC_WARN_UNDECLARED_SELECTOR = YES;
				GCC_WARN_UNINITIALIZED_AUTOS = YES_AGGRESSIVE;
				GCC_WARN_UNUSED_FUNCTION = YES;
				GCC_WARN_UNUSED_VARIABLE = YES;
				IPHONEOS_DEPLOYMENT_TARGET = 12.2;
				MTL_ENABLE_DEBUG_INFO = NO;
				MTL_FAST_MATH = YES;
				SDKROOT = iphoneos;
				SWIFT_COMPILATION_MODE = wholemodule;
				SWIFT_OPTIMIZATION_LEVEL = "-O";
				VALIDATE_PRODUCT = YES;
			};
			name = Release;
		};
		A84F907E241A1AAF0072F438 /* Debug */ = {
			isa = XCBuildConfiguration;
			baseConfigurationReference = 6AB8FB33203055D257996F43 /* Pods-jikanwari.debug.xcconfig */;
			buildSettings = {
				ASSETCATALOG_COMPILER_APPICON_NAME = AppIcon;
				CODE_SIGN_STYLE = Automatic;
				DEVELOPMENT_TEAM = 59HC8WP97A;
				INFOPLIST_FILE = jikanwari/Info.plist;
				LD_RUNPATH_SEARCH_PATHS = (
					"$(inherited)",
					"@executable_path/Frameworks",
				);
				PRODUCT_BUNDLE_IDENTIFIER = com.example.jikanwari;
				PRODUCT_NAME = "$(TARGET_NAME)";
				SWIFT_VERSION = 5.0;
				TARGETED_DEVICE_FAMILY = "1,2";
			};
			name = Debug;
		};
		A84F907F241A1AAF0072F438 /* Release */ = {
			isa = XCBuildConfiguration;
			baseConfigurationReference = D63A7813D40C03D44E9CBAFD /* Pods-jikanwari.release.xcconfig */;
			buildSettings = {
				ASSETCATALOG_COMPILER_APPICON_NAME = AppIcon;
				CODE_SIGN_STYLE = Automatic;
				DEVELOPMENT_TEAM = 59HC8WP97A;
				INFOPLIST_FILE = jikanwari/Info.plist;
				LD_RUNPATH_SEARCH_PATHS = (
					"$(inherited)",
					"@executable_path/Frameworks",
				);
				PRODUCT_BUNDLE_IDENTIFIER = com.example.jikanwari;
				PRODUCT_NAME = "$(TARGET_NAME)";
				SWIFT_VERSION = 5.0;
				TARGETED_DEVICE_FAMILY = "1,2";
			};
			name = Release;
		};
/* End XCBuildConfiguration section */

/* Begin XCConfigurationList section */
		A84F9066241A1AA80072F438 /* Build configuration list for PBXProject "jikanwari" */ = {
			isa = XCConfigurationList;
			buildConfigurations = (
				A84F907B241A1AAF0072F438 /* Debug */,
				A84F907C241A1AAF0072F438 /* Release */,
			);
			defaultConfigurationIsVisible = 0;
			defaultConfigurationName = Release;
		};
		A84F907D241A1AAF0072F438 /* Build configuration list for PBXNativeTarget "jikanwari" */ = {
			isa = XCConfigurationList;
			buildConfigurations = (
				A84F907E241A1AAF0072F438 /* Debug */,
				A84F907F241A1AAF0072F438 /* Release */,
			);
			defaultConfigurationIsVisible = 0;
			defaultConfigurationName = Release;
		};
/* End XCConfigurationList section */
	};
	rootObject = A84F9063241A1AA80072F438 /* Project object */;
}
